// !$*UTF8*$!
{
	archiveVersion = 1;
	classes = {
	};
	objectVersion = 50;
	objects = {

/* Begin PBXBuildFile section */
		218EDAC16EA659A658CBBABF /* Pods_BruRestaurant.framework in Frameworks */ = {isa = PBXBuildFile; fileRef = 58B325CA8D64B983301E90A9 /* Pods_BruRestaurant.framework */; };
		2D0D808E21A5F1FC00307881 /* GoogleService-Info.plist in Resources */ = {isa = PBXBuildFile; fileRef = 2D0D808D21A5F1FC00307881 /* GoogleService-Info.plist */; };
		2D0D809021A6005F00307881 /* AddProductViewController.swift in Sources */ = {isa = PBXBuildFile; fileRef = 2D0D808F21A6005F00307881 /* AddProductViewController.swift */; };
		2D3D3FD021BE2E3500E0C4C3 /* LoginViewController.swift in Sources */ = {isa = PBXBuildFile; fileRef = 2D3D3FCF21BE2E3500E0C4C3 /* LoginViewController.swift */; };
		2D51FB2E219E0BCC00D3D012 /* AppDelegate.swift in Sources */ = {isa = PBXBuildFile; fileRef = 2D51FB2D219E0BCC00D3D012 /* AppDelegate.swift */; };
		2D51FB30219E0BCC00D3D012 /* ViewController.swift in Sources */ = {isa = PBXBuildFile; fileRef = 2D51FB2F219E0BCC00D3D012 /* ViewController.swift */; };
		2D51FB33219E0BCC00D3D012 /* Main.storyboard in Resources */ = {isa = PBXBuildFile; fileRef = 2D51FB31219E0BCC00D3D012 /* Main.storyboard */; };
		2D51FB35219E0BCF00D3D012 /* Assets.xcassets in Resources */ = {isa = PBXBuildFile; fileRef = 2D51FB34219E0BCF00D3D012 /* Assets.xcassets */; };
		2D51FB38219E0BCF00D3D012 /* LaunchScreen.storyboard in Resources */ = {isa = PBXBuildFile; fileRef = 2D51FB36219E0BCF00D3D012 /* LaunchScreen.storyboard */; };
		2D705B4721A71CC300D33F6D /* BeverageTableViewCell.swift in Sources */ = {isa = PBXBuildFile; fileRef = 2D705B4521A71CC300D33F6D /* BeverageTableViewCell.swift */; };
		2D705B4821A71CC300D33F6D /* BeverageTableViewCell.xib in Resources */ = {isa = PBXBuildFile; fileRef = 2D705B4621A71CC300D33F6D /* BeverageTableViewCell.xib */; };
		2DAA07BD21AB4D3B00B1C3B0 /* Beverages.swift in Sources */ = {isa = PBXBuildFile; fileRef = 2DAA07BC21AB4D3B00B1C3B0 /* Beverages.swift */; };
/* End PBXBuildFile section */

/* Begin PBXFileReference section */
		29555D9959F23035CF296ADE /* Pods-BruRestaurant.debug.xcconfig */ = {isa = PBXFileReference; includeInIndex = 1; lastKnownFileType = text.xcconfig; name = "Pods-BruRestaurant.debug.xcconfig"; path = "Pods/Target Support Files/Pods-BruRestaurant/Pods-BruRestaurant.debug.xcconfig"; sourceTree = "<group>"; };
		2D0D808D21A5F1FC00307881 /* GoogleService-Info.plist */ = {isa = PBXFileReference; fileEncoding = 4; lastKnownFileType = text.plist.xml; path = "GoogleService-Info.plist"; sourceTree = "<group>"; };
		2D0D808F21A6005F00307881 /* AddProductViewController.swift */ = {isa = PBXFileReference; lastKnownFileType = sourcecode.swift; path = AddProductViewController.swift; sourceTree = "<group>"; };
		2D3D3FCF21BE2E3500E0C4C3 /* LoginViewController.swift */ = {isa = PBXFileReference; lastKnownFileType = sourcecode.swift; path = LoginViewController.swift; sourceTree = "<group>"; };
		2D51FB2A219E0BCC00D3D012 /* BruRestaurant.app */ = {isa = PBXFileReference; explicitFileType = wrapper.application; includeInIndex = 0; path = BruRestaurant.app; sourceTree = BUILT_PRODUCTS_DIR; };
		2D51FB2D219E0BCC00D3D012 /* AppDelegate.swift */ = {isa = PBXFileReference; lastKnownFileType = sourcecode.swift; path = AppDelegate.swift; sourceTree = "<group>"; };
		2D51FB2F219E0BCC00D3D012 /* ViewController.swift */ = {isa = PBXFileReference; lastKnownFileType = sourcecode.swift; path = ViewController.swift; sourceTree = "<group>"; };
		2D51FB32219E0BCC00D3D012 /* Base */ = {isa = PBXFileReference; lastKnownFileType = file.storyboard; name = Base; path = Base.lproj/Main.storyboard; sourceTree = "<group>"; };
		2D51FB34219E0BCF00D3D012 /* Assets.xcassets */ = {isa = PBXFileReference; lastKnownFileType = folder.assetcatalog; path = Assets.xcassets; sourceTree = "<group>"; };
		2D51FB37219E0BCF00D3D012 /* Base */ = {isa = PBXFileReference; lastKnownFileType = file.storyboard; name = Base; path = Base.lproj/LaunchScreen.storyboard; sourceTree = "<group>"; };
		2D51FB39219E0BCF00D3D012 /* Info.plist */ = {isa = PBXFileReference; lastKnownFileType = text.plist.xml; path = Info.plist; sourceTree = "<group>"; };
		2D705B4521A71CC300D33F6D /* BeverageTableViewCell.swift */ = {isa = PBXFileReference; lastKnownFileType = sourcecode.swift; path = BeverageTableViewCell.swift; sourceTree = "<group>"; };
		2D705B4621A71CC300D33F6D /* BeverageTableViewCell.xib */ = {isa = PBXFileReference; lastKnownFileType = file.xib; path = BeverageTableViewCell.xib; sourceTree = "<group>"; };
		2DAA07BC21AB4D3B00B1C3B0 /* Beverages.swift */ = {isa = PBXFileReference; lastKnownFileType = sourcecode.swift; path = Beverages.swift; sourceTree = "<group>"; };
		58B325CA8D64B983301E90A9 /* Pods_BruRestaurant.framework */ = {isa = PBXFileReference; explicitFileType = wrapper.framework; includeInIndex = 0; path = Pods_BruRestaurant.framework; sourceTree = BUILT_PRODUCTS_DIR; };
		C08E52AB2AC9F9655DBCD55E /* Pods-BruRestaurant.release.xcconfig */ = {isa = PBXFileReference; includeInIndex = 1; lastKnownFileType = text.xcconfig; name = "Pods-BruRestaurant.release.xcconfig"; path = "Pods/Target Support Files/Pods-BruRestaurant/Pods-BruRestaurant.release.xcconfig"; sourceTree = "<group>"; };
/* End PBXFileReference section */

/* Begin PBXFrameworksBuildPhase section */
		2D51FB27219E0BCC00D3D012 /* Frameworks */ = {
			isa = PBXFrameworksBuildPhase;
			buildActionMask = 2147483647;
			files = (
				218EDAC16EA659A658CBBABF /* Pods_BruRestaurant.framework in Frameworks */,
			);
			runOnlyForDeploymentPostprocessing = 0;
		};
/* End PBXFrameworksBuildPhase section */

/* Begin PBXGroup section */
		2D51FB21219E0BCC00D3D012 = {
			isa = PBXGroup;
			children = (
				2D51FB2C219E0BCC00D3D012 /* BruRestaurant */,
				2D51FB2B219E0BCC00D3D012 /* Products */,
				39FFF0433779842B18C96096 /* Pods */,
				A9EE41A76102ED72C7AAD628 /* Frameworks */,
			);
			sourceTree = "<group>";
		};
		2D51FB2B219E0BCC00D3D012 /* Products */ = {
			isa = PBXGroup;
			children = (
				2D51FB2A219E0BCC00D3D012 /* BruRestaurant.app */,
			);
			name = Products;
			sourceTree = "<group>";
		};
		2D51FB2C219E0BCC00D3D012 /* BruRestaurant */ = {
			isa = PBXGroup;
			children = (
				2DAA07BB21AB4D2F00B1C3B0 /* Model */,
				2D705B4921A71F8300D33F6D /* View */,
				2D51FB2D219E0BCC00D3D012 /* AppDelegate.swift */,
				2D0D808F21A6005F00307881 /* AddProductViewController.swift */,
				2D51FB2F219E0BCC00D3D012 /* ViewController.swift */,
				2D3D3FCF21BE2E3500E0C4C3 /* LoginViewController.swift */,
				2D0D808D21A5F1FC00307881 /* GoogleService-Info.plist */,
				2D51FB39219E0BCF00D3D012 /* Info.plist */,
				2D51FB34219E0BCF00D3D012 /* Assets.xcassets */,
			);
			path = BruRestaurant;
			sourceTree = "<group>";
		};
		2D705B4921A71F8300D33F6D /* View */ = {
			isa = PBXGroup;
			children = (
				2D705B4521A71CC300D33F6D /* BeverageTableViewCell.swift */,
				2D705B4621A71CC300D33F6D /* BeverageTableViewCell.xib */,
				2D51FB31219E0BCC00D3D012 /* Main.storyboard */,
				2D51FB36219E0BCF00D3D012 /* LaunchScreen.storyboard */,
			);
			path = View;
			sourceTree = "<group>";
		};
		2DAA07BB21AB4D2F00B1C3B0 /* Model */ = {
			isa = PBXGroup;
			children = (
				2DAA07BC21AB4D3B00B1C3B0 /* Beverages.swift */,
			);
			path = Model;
			sourceTree = "<group>";
		};
		39FFF0433779842B18C96096 /* Pods */ = {
			isa = PBXGroup;
			children = (
				29555D9959F23035CF296ADE /* Pods-BruRestaurant.debug.xcconfig */,
				C08E52AB2AC9F9655DBCD55E /* Pods-BruRestaurant.release.xcconfig */,
			);
			name = Pods;
			sourceTree = "<group>";
		};
		A9EE41A76102ED72C7AAD628 /* Frameworks */ = {
			isa = PBXGroup;
			children = (
				58B325CA8D64B983301E90A9 /* Pods_BruRestaurant.framework */,
			);
			name = Frameworks;
			sourceTree = "<group>";
		};
/* End PBXGroup section */

/* Begin PBXNativeTarget section */
		2D51FB29219E0BCC00D3D012 /* BruRestaurant */ = {
			isa = PBXNativeTarget;
			buildConfigurationList = 2D51FB3C219E0BCF00D3D012 /* Build configuration list for PBXNativeTarget "BruRestaurant" */;
			buildPhases = (
				AA881C998587C49138C969E1 /* [CP] Check Pods Manifest.lock */,
				2D51FB26219E0BCC00D3D012 /* Sources */,
				2D51FB27219E0BCC00D3D012 /* Frameworks */,
				2D51FB28219E0BCC00D3D012 /* Resources */,
				3AFF4869E1E6F3BA6AF368DD /* [CP] Embed Pods Frameworks */,
				5918777D5839D0E6F19C3294 /* [CP] Copy Pods Resources */,
			);
			buildRules = (
			);
			dependencies = (
			);
			name = BruRestaurant;
			productName = BruRestaurant;
			productReference = 2D51FB2A219E0BCC00D3D012 /* BruRestaurant.app */;
			productType = "com.apple.product-type.application";
		};
/* End PBXNativeTarget section */

/* Begin PBXProject section */
		2D51FB22219E0BCC00D3D012 /* Project object */ = {
			isa = PBXProject;
			attributes = {
				LastSwiftUpdateCheck = 1010;
				LastUpgradeCheck = 1010;
				ORGANIZATIONNAME = "Simon Mc Neil";
				TargetAttributes = {
					2D51FB29219E0BCC00D3D012 = {
						CreatedOnToolsVersion = 10.1;
					};
				};
			};
			buildConfigurationList = 2D51FB25219E0BCC00D3D012 /* Build configuration list for PBXProject "BruRestaurant" */;
			compatibilityVersion = "Xcode 9.3";
			developmentRegion = en;
			hasScannedForEncodings = 0;
			knownRegions = (
				en,
				Base,
			);
			mainGroup = 2D51FB21219E0BCC00D3D012;
			productRefGroup = 2D51FB2B219E0BCC00D3D012 /* Products */;
			projectDirPath = "";
			projectRoot = "";
			targets = (
				2D51FB29219E0BCC00D3D012 /* BruRestaurant */,
			);
		};
/* End PBXProject section */

/* Begin PBXResourcesBuildPhase section */
		2D51FB28219E0BCC00D3D012 /* Resources */ = {
			isa = PBXResourcesBuildPhase;
			buildActionMask = 2147483647;
			files = (
				2D705B4821A71CC300D33F6D /* BeverageTableViewCell.xib in Resources */,
				2D51FB38219E0BCF00D3D012 /* LaunchScreen.storyboard in Resources */,
				2D0D808E21A5F1FC00307881 /* GoogleService-Info.plist in Resources */,
				2D51FB35219E0BCF00D3D012 /* Assets.xcassets in Resources */,
				2D51FB33219E0BCC00D3D012 /* Main.storyboard in Resources */,
			);
			runOnlyForDeploymentPostprocessing = 0;
		};
/* End PBXResourcesBuildPhase section */

/* Begin PBXShellScriptBuildPhase section */
		3AFF4869E1E6F3BA6AF368DD /* [CP] Embed Pods Frameworks */ = {
			isa = PBXShellScriptBuildPhase;
			buildActionMask = 2147483647;
			files = (
			);
			inputPaths = (
				"${SRCROOT}/Pods/Target Support Files/Pods-BruRestaurant/Pods-BruRestaurant-frameworks.sh",
				"${BUILT_PRODUCTS_DIR}/GTMOAuth2/GTMOAuth2.framework",
				"${BUILT_PRODUCTS_DIR}/GTMSessionFetcher/GTMSessionFetcher.framework",
				"${BUILT_PRODUCTS_DIR}/GoogleToolboxForMac/GoogleToolboxForMac.framework",
				"${BUILT_PRODUCTS_DIR}/GoogleUtilities/GoogleUtilities.framework",
				"${BUILT_PRODUCTS_DIR}/Kingfisher/Kingfisher.framework",
				"${BUILT_PRODUCTS_DIR}/leveldb-library/leveldb.framework",
				"${BUILT_PRODUCTS_DIR}/nanopb/nanopb.framework",
			);
			name = "[CP] Embed Pods Frameworks";
			outputPaths = (
				"${TARGET_BUILD_DIR}/${FRAMEWORKS_FOLDER_PATH}/GTMOAuth2.framework",
				"${TARGET_BUILD_DIR}/${FRAMEWORKS_FOLDER_PATH}/GTMSessionFetcher.framework",
				"${TARGET_BUILD_DIR}/${FRAMEWORKS_FOLDER_PATH}/GoogleToolboxForMac.framework",
				"${TARGET_BUILD_DIR}/${FRAMEWORKS_FOLDER_PATH}/GoogleUtilities.framework",
				"${TARGET_BUILD_DIR}/${FRAMEWORKS_FOLDER_PATH}/Kingfisher.framework",
				"${TARGET_BUILD_DIR}/${FRAMEWORKS_FOLDER_PATH}/leveldb.framework",
				"${TARGET_BUILD_DIR}/${FRAMEWORKS_FOLDER_PATH}/nanopb.framework",
			);
			runOnlyForDeploymentPostprocessing = 0;
			shellPath = /bin/sh;
			shellScript = "\"${SRCROOT}/Pods/Target Support Files/Pods-BruRestaurant/Pods-BruRestaurant-frameworks.sh\"\n";
			showEnvVarsInLog = 0;
		};
		5918777D5839D0E6F19C3294 /* [CP] Copy Pods Resources */ = {
			isa = PBXShellScriptBuildPhase;
			buildActionMask = 2147483647;
			files = (
			);
			inputPaths = (
				"${SRCROOT}/Pods/Target Support Files/Pods-BruRestaurant/Pods-BruRestaurant-resources.sh",
				"${PODS_CONFIGURATION_BUILD_DIR}/FirebaseUI/FirebaseAuthUI.bundle",
				"${PODS_CONFIGURATION_BUILD_DIR}/FirebaseUI/FirebaseGoogleAuthUI.bundle",
				"${PODS_ROOT}/GoogleSignIn/Resources/GoogleSignIn.bundle",
			);
			name = "[CP] Copy Pods Resources";
			outputPaths = (
				"${TARGET_BUILD_DIR}/${UNLOCALIZED_RESOURCES_FOLDER_PATH}/FirebaseAuthUI.bundle",
				"${TARGET_BUILD_DIR}/${UNLOCALIZED_RESOURCES_FOLDER_PATH}/FirebaseGoogleAuthUI.bundle",
				"${TARGET_BUILD_DIR}/${UNLOCALIZED_RESOURCES_FOLDER_PATH}/GoogleSignIn.bundle",
			);
			runOnlyForDeploymentPostprocessing = 0;
			shellPath = /bin/sh;
			shellScript = "\"${SRCROOT}/Pods/Target Support Files/Pods-BruRestaurant/Pods-BruRestaurant-resources.sh\"\n";
			showEnvVarsInLog = 0;
		};
		AA881C998587C49138C969E1 /* [CP] Check Pods Manifest.lock */ = {
			isa = PBXShellScriptBuildPhase;
			buildActionMask = 2147483647;
			files = (
			);
			inputPaths = (
				"${PODS_PODFILE_DIR_PATH}/Podfile.lock",
				"${PODS_ROOT}/Manifest.lock",
			);
			name = "[CP] Check Pods Manifest.lock";
			outputPaths = (
				"$(DERIVED_FILE_DIR)/Pods-BruRestaurant-checkManifestLockResult.txt",
			);
			runOnlyForDeploymentPostprocessing = 0;
			shellPath = /bin/sh;
			shellScript = "diff \"${PODS_PODFILE_DIR_PATH}/Podfile.lock\" \"${PODS_ROOT}/Manifest.lock\" > /dev/null\nif [ $? != 0 ] ; then\n    # print error to STDERR\n    echo \"error: The sandbox is not in sync with the Podfile.lock. Run 'pod install' or update your CocoaPods installation.\" >&2\n    exit 1\nfi\n# This output is used by Xcode 'outputs' to avoid re-running this script phase.\necho \"SUCCESS\" > \"${SCRIPT_OUTPUT_FILE_0}\"\n";
			showEnvVarsInLog = 0;
		};
/* End PBXShellScriptBuildPhase section */

/* Begin PBXSourcesBuildPhase section */
		2D51FB26219E0BCC00D3D012 /* Sources */ = {
			isa = PBXSourcesBuildPhase;
			buildActionMask = 2147483647;
			files = (
				2D3D3FD021BE2E3500E0C4C3 /* LoginViewController.swift in Sources */,
				2D51FB30219E0BCC00D3D012 /* ViewController.swift in Sources */,
				2DAA07BD21AB4D3B00B1C3B0 /* Beverages.swift in Sources */,
				2D51FB2E219E0BCC00D3D012 /* AppDelegate.swift in Sources */,
				2D705B4721A71CC300D33F6D /* BeverageTableViewCell.swift in Sources */,
				2D0D809021A6005F00307881 /* AddProductViewController.swift in Sources */,
			);
			runOnlyForDeploymentPostprocessing = 0;
		};
/* End PBXSourcesBuildPhase section */

/* Begin PBXVariantGroup section */
		2D51FB31219E0BCC00D3D012 /* Main.storyboard */ = {
			isa = PBXVariantGroup;
			children = (
				2D51FB32219E0BCC00D3D012 /* Base */,
			);
			name = Main.storyboard;
			sourceTree = "<group>";
		};
		2D51FB36219E0BCF00D3D012 /* LaunchScreen.storyboard */ = {
			isa = PBXVariantGroup;
			children = (
				2D51FB37219E0BCF00D3D012 /* Base */,
			);
			name = LaunchScreen.storyboard;
			sourceTree = "<group>";
		};
/* End PBXVariantGroup section */

/* Begin XCBuildConfiguration section */
		2D51FB3A219E0BCF00D3D012 /* Debug */ = {
			isa = XCBuildConfiguration;
			buildSettings = {
				ALWAYS_SEARCH_USER_PATHS = NO;
				CLANG_ANALYZER_NONNULL = YES;
				CLANG_ANALYZER_NUMBER_OBJECT_CONVERSION = YES_AGGRESSIVE;
				CLANG_CXX_LANGUAGE_STANDARD = "gnu++14";
				CLANG_CXX_LIBRARY = "libc++";
				CLANG_ENABLE_MODULES = YES;
				CLANG_ENABLE_OBJC_ARC = YES;
				CLANG_ENABLE_OBJC_WEAK = YES;
				CLANG_WARN_BLOCK_CAPTURE_AUTORELEASING = YES;
				CLANG_WARN_BOOL_CONVERSION = YES;
				CLANG_WARN_COMMA = YES;
				CLANG_WARN_CONSTANT_CONVERSION = YES;
				CLANG_WARN_DEPRECATED_OBJC_IMPLEMENTATIONS = YES;
				CLANG_WARN_DIRECT_OBJC_ISA_USAGE = YES_ERROR;
				CLANG_WARN_DOCUMENTATION_COMMENTS = YES;
				CLANG_WARN_EMPTY_BODY = YES;
				CLANG_WARN_ENUM_CONVERSION = YES;
				CLANG_WARN_INFINITE_RECURSION = YES;
				CLANG_WARN_INT_CONVERSION = YES;
				CLANG_WARN_NON_LITERAL_NULL_CONVERSION = YES;
				CLANG_WARN_OBJC_IMPLICIT_RETAIN_SELF = YES;
				CLANG_WARN_OBJC_LITERAL_CONVERSION = YES;
				CLANG_WARN_OBJC_ROOT_CLASS = YES_ERROR;
				CLANG_WARN_RANGE_LOOP_ANALYSIS = YES;
				CLANG_WARN_STRICT_PROTOTYPES = YES;
				CLANG_WARN_SUSPICIOUS_MOVE = YES;
				CLANG_WARN_UNGUARDED_AVAILABILITY = YES_AGGRESSIVE;
				CLANG_WARN_UNREACHABLE_CODE = YES;
				CLANG_WARN__DUPLICATE_METHOD_MATCH = YES;
				CODE_SIGN_IDENTITY = "iPhone Developer";
				COPY_PHASE_STRIP = NO;
				DEBUG_INFORMATION_FORMAT = dwarf;
				ENABLE_STRICT_OBJC_MSGSEND = YES;
				ENABLE_TESTABILITY = YES;
				GCC_C_LANGUAGE_STANDARD = gnu11;
				GCC_DYNAMIC_NO_PIC = NO;
				GCC_NO_COMMON_BLOCKS = YES;
				GCC_OPTIMIZATION_LEVEL = 0;
				GCC_PREPROCESSOR_DEFINITIONS = (
					"DEBUG=1",
					"$(inherited)",
				);
				GCC_WARN_64_TO_32_BIT_CONVERSION = YES;
				GCC_WARN_ABOUT_RETURN_TYPE = YES_ERROR;
				GCC_WARN_UNDECLARED_SELECTOR = YES;
				GCC_WARN_UNINITIALIZED_AUTOS = YES_AGGRESSIVE;
				GCC_WARN_UNUSED_FUNCTION = YES;
				GCC_WARN_UNUSED_VARIABLE = YES;
				IPHONEOS_DEPLOYMENT_TARGET = 12.1;
				MTL_ENABLE_DEBUG_INFO = INCLUDE_SOURCE;
				MTL_FAST_MATH = YES;
				ONLY_ACTIVE_ARCH = YES;
				SDKROOT = iphoneos;
				SWIFT_ACTIVE_COMPILATION_CONDITIONS = DEBUG;
				SWIFT_OPTIMIZATION_LEVEL = "-Onone";
			};
			name = Debug;
		};
		2D51FB3B219E0BCF00D3D012 /* Release */ = {
			isa = XCBuildConfiguration;
			buildSettings = {
				ALWAYS_SEARCH_USER_PATHS = NO;
				CLANG_ANALYZER_NONNULL = YES;
				CLANG_ANALYZER_NUMBER_OBJECT_CONVERSION = YES_AGGRESSIVE;
				CLANG_CXX_LANGUAGE_STANDARD = "gnu++14";
				CLANG_CXX_LIBRARY = "libc++";
				CLANG_ENABLE_MODULES = YES;
				CLANG_ENABLE_OBJC_ARC = YES;
				CLANG_ENABLE_OBJC_WEAK = YES;
				CLANG_WARN_BLOCK_CAPTURE_AUTORELEASING = YES;
				CLANG_WARN_BOOL_CONVERSION = YES;
				CLANG_WARN_COMMA = YES;
				CLANG_WARN_CONSTANT_CONVERSION = YES;
				CLANG_WARN_DEPRECATED_OBJC_IMPLEMENTATIONS = YES;
				CLANG_WARN_DIRECT_OBJC_ISA_USAGE = YES_ERROR;
				CLANG_WARN_DOCUMENTATION_COMMENTS = YES;
				CLANG_WARN_EMPTY_BODY = YES;
				CLANG_WARN_ENUM_CONVERSION = YES;
				CLANG_WARN_INFINITE_RECURSION = YES;
				CLANG_WARN_INT_CONVERSION = YES;
				CLANG_WARN_NON_LITERAL_NULL_CONVERSION = YES;
				CLANG_WARN_OBJC_IMPLICIT_RETAIN_SELF = YES;
				CLANG_WARN_OBJC_LITERAL_CONVERSION = YES;
				CLANG_WARN_OBJC_ROOT_CLASS = YES_ERROR;
				CLANG_WARN_RANGE_LOOP_ANALYSIS = YES;
				CLANG_WARN_STRICT_PROTOTYPES = YES;
				CLANG_WARN_SUSPICIOUS_MOVE = YES;
				CLANG_WARN_UNGUARDED_AVAILABILITY = YES_AGGRESSIVE;
				CLANG_WARN_UNREACHABLE_CODE = YES;
				CLANG_WARN__DUPLICATE_METHOD_MATCH = YES;
				CODE_SIGN_IDENTITY = "iPhone Developer";
				COPY_PHASE_STRIP = NO;
				DEBUG_INFORMATION_FORMAT = "dwarf-with-dsym";
				ENABLE_NS_ASSERTIONS = NO;
				ENABLE_STRICT_OBJC_MSGSEND = YES;
				GCC_C_LANGUAGE_STANDARD = gnu11;
				GCC_NO_COMMON_BLOCKS = YES;
				GCC_WARN_64_TO_32_BIT_CONVERSION = YES;
				GCC_WARN_ABOUT_RETURN_TYPE = YES_ERROR;
				GCC_WARN_UNDECLARED_SELECTOR = YES;
				GCC_WARN_UNINITIALIZED_AUTOS = YES_AGGRESSIVE;
				GCC_WARN_UNUSED_FUNCTION = YES;
				GCC_WARN_UNUSED_VARIABLE = YES;
				IPHONEOS_DEPLOYMENT_TARGET = 12.1;
				MTL_ENABLE_DEBUG_INFO = NO;
				MTL_FAST_MATH = YES;
				SDKROOT = iphoneos;
				SWIFT_COMPILATION_MODE = wholemodule;
				SWIFT_OPTIMIZATION_LEVEL = "-O";
				VALIDATE_PRODUCT = YES;
			};
			name = Release;
		};
		2D51FB3D219E0BCF00D3D012 /* Debug */ = {
			isa = XCBuildConfiguration;
			baseConfigurationReference = 29555D9959F23035CF296ADE /* Pods-BruRestaurant.debug.xcconfig */;
			buildSettings = {
				ASSETCATALOG_COMPILER_APPICON_NAME = AppIcon;
				CODE_SIGN_IDENTITY = "iPhone Developer";
				CODE_SIGN_STYLE = Automatic;
				DEVELOPMENT_TEAM = TKB32CN29K;
				INFOPLIST_FILE = BruRestaurant/Info.plist;
				LD_RUNPATH_SEARCH_PATHS = (
					"$(inherited)",
					"@executable_path/Frameworks",
				);
				PRODUCT_BUNDLE_IDENTIFIER = com.SimonMcNeil.BruRestaurant;
				PRODUCT_NAME = "$(TARGET_NAME)";
				PROVISIONING_PROFILE_SPECIFIER = "";
				SWIFT_VERSION = 4.2;
				TARGETED_DEVICE_FAMILY = "1,2";
			};
			name = Debug;
		};
		2D51FB3E219E0BCF00D3D012 /* Release */ = {
			isa = XCBuildConfiguration;
			baseConfigurationReference = C08E52AB2AC9F9655DBCD55E /* Pods-BruRestaurant.release.xcconfig */;
			buildSettings = {
				ASSETCATALOG_COMPILER_APPICON_NAME = AppIcon;
				CODE_SIGN_IDENTITY = "iPhone Developer";
				CODE_SIGN_STYLE = Automatic;
				DEVELOPMENT_TEAM = TKB32CN29K;
				INFOPLIST_FILE = BruRestaurant/Info.plist;
				LD_RUNPATH_SEARCH_PATHS = (
					"$(inherited)",
					"@executable_path/Frameworks",
				);
				PRODUCT_BUNDLE_IDENTIFIER = com.SimonMcNeil.BruRestaurant;
				PRODUCT_NAME = "$(TARGET_NAME)";
				PROVISIONING_PROFILE_SPECIFIER = "";
				SWIFT_VERSION = 4.2;
				TARGETED_DEVICE_FAMILY = "1,2";
			};
			name = Release;
		};
/* End XCBuildConfiguration section */

/* Begin XCConfigurationList section */
		2D51FB25219E0BCC00D3D012 /* Build configuration list for PBXProject "BruRestaurant" */ = {
			isa = XCConfigurationList;
			buildConfigurations = (
				2D51FB3A219E0BCF00D3D012 /* Debug */,
				2D51FB3B219E0BCF00D3D012 /* Release */,
			);
			defaultConfigurationIsVisible = 0;
			defaultConfigurationName = Release;
		};
		2D51FB3C219E0BCF00D3D012 /* Build configuration list for PBXNativeTarget "BruRestaurant" */ = {
			isa = XCConfigurationList;
			buildConfigurations = (
				2D51FB3D219E0BCF00D3D012 /* Debug */,
				2D51FB3E219E0BCF00D3D012 /* Release */,
			);
			defaultConfigurationIsVisible = 0;
			defaultConfigurationName = Release;
		};
/* End XCConfigurationList section */
	};
	rootObject = 2D51FB22219E0BCC00D3D012 /* Project object */;
}
